
Microsoft Visual Studio Solution File, Format Version 12.00
# Visual Studio Version 17
VisualStudioVersion = 17.8.34330.188
MinimumVisualStudioVersion = 10.0.40219.1
Project("{FAE04EC0-301F-11D3-BF4B-00C04F79EFBC}") = "provasemestral", "provasemestral.csproj", "{12B90BB9-BD00-432C-B874-74296D4B3344}"
EndProject
Global
	GlobalSection(SolutionConfigurationPlatforms) = preSolution
		Debug|Any CPU = Debug|Any CPU
		Release|Any CPU = Release|Any CPU
	EndGlobalSection
	GlobalSection(ProjectConfigurationPlatforms) = postSolution
		{12B90BB9-BD00-432C-B874-74296D4B3344}.Debug|Any CPU.ActiveCfg = Debug|Any CPU
		{12B90BB9-BD00-432C-B874-74296D4B3344}.Debug|Any CPU.Build.0 = Debug|Any CPU
		{12B90BB9-BD00-432C-B874-74296D4B3344}.Release|Any CPU.ActiveCfg = Release|Any CPU
		{12B90BB9-BD00-432C-B874-74296D4B3344}.Release|Any CPU.Build.0 = Release|Any CPU
	EndGlobalSection
	GlobalSection(SolutionProperties) = preSolution
		HideSolutionNode = FALSE
	EndGlobalSection
	GlobalSection(ExtensibilityGlobals) = postSolution
		SolutionGuid = {06F44D9E-0302-43F9-B302-8D97E10345D9}
	EndGlobalSection
EndGlobal
